
Microsoft Visual Studio Solution File, Format Version 12.00
# Visual Studio 15
VisualStudioVersion = 15.0.27004.2002
MinimumVisualStudioVersion = 10.0.40219.1
Project("{FAE04EC0-301F-11D3-BF4B-00C04F79EFBC}") = "Brackeys2", "Brackeys2\Brackeys2.csproj", "{17F8F4F1-AE24-4B8D-9240-0B2B98621180}"
EndProject
Project("{FAE04EC0-301F-11D3-BF4B-00C04F79EFBC}") = "Brackeys5", "Brackeys5\Brackeys5.csproj", "{3B14E9BC-4A14-47E7-9A0D-080732DE2AA6}"
EndProject
Global
	GlobalSection(SolutionConfigurationPlatforms) = preSolution
		Debug|Any CPU = Debug|Any CPU
		Release|Any CPU = Release|Any CPU
	EndGlobalSection
	GlobalSection(ProjectConfigurationPlatforms) = postSolution
		{17F8F4F1-AE24-4B8D-9240-0B2B98621180}.Debug|Any CPU.ActiveCfg = Debug|Any CPU
		{17F8F4F1-AE24-4B8D-9240-0B2B98621180}.Debug|Any CPU.Build.0 = Debug|Any CPU
		{17F8F4F1-AE24-4B8D-9240-0B2B98621180}.Release|Any CPU.ActiveCfg = Release|Any CPU
		{17F8F4F1-AE24-4B8D-9240-0B2B98621180}.Release|Any CPU.Build.0 = Release|Any CPU
		{3B14E9BC-4A14-47E7-9A0D-080732DE2AA6}.Debug|Any CPU.ActiveCfg = Debug|Any CPU
		{3B14E9BC-4A14-47E7-9A0D-080732DE2AA6}.Debug|Any CPU.Build.0 = Debug|Any CPU
		{3B14E9BC-4A14-47E7-9A0D-080732DE2AA6}.Release|Any CPU.ActiveCfg = Release|Any CPU
		{3B14E9BC-4A14-47E7-9A0D-080732DE2AA6}.Release|Any CPU.Build.0 = Release|Any CPU
	EndGlobalSection
	GlobalSection(SolutionProperties) = preSolution
		HideSolutionNode = FALSE
	EndGlobalSection
	GlobalSection(ExtensibilityGlobals) = postSolution
		SolutionGuid = {E6BB533F-C2C0-4A5B-81F8-F09D324287BC}
	EndGlobalSection
EndGlobal
